
Microsoft Visual Studio Solution File, Format Version 12.00
Project("{FAE04EC0-301F-11D3-BF4B-00C04F79EFBC}") = "RaceCondition", "RaceCondition\RaceCondition.csproj", "{09E9A91B-EC51-4A30-B160-06D971ECA93C}"
EndProject
Global
	GlobalSection(SolutionConfigurationPlatforms) = preSolution
		Debug|Any CPU = Debug|Any CPU
		Release|Any CPU = Release|Any CPU
	EndGlobalSection
	GlobalSection(ProjectConfigurationPlatforms) = postSolution
		{09E9A91B-EC51-4A30-B160-06D971ECA93C}.Debug|Any CPU.ActiveCfg = Debug|Any CPU
		{09E9A91B-EC51-4A30-B160-06D971ECA93C}.Debug|Any CPU.Build.0 = Debug|Any CPU
		{09E9A91B-EC51-4A30-B160-06D971ECA93C}.Release|Any CPU.ActiveCfg = Release|Any CPU
		{09E9A91B-EC51-4A30-B160-06D971ECA93C}.Release|Any CPU.Build.0 = Release|Any CPU
	EndGlobalSection
EndGlobal
